Microsoft Visual Studio Solution File, Format Version 12.00
# Visual Studio Version 17
VisualStudioVersion = 17.5.2.0
MinimumVisualStudioVersion = 10.0.40219.1
Project("{FAE04EC0-301F-11D3-BF4B-00C04F79EFBC}") = "BackendTest", "BackendTest\BackendTest.csproj", "{B9E7EEE0-C2D0-5C15-6301-CF47C702B8FC}"
EndProject
Project("{FAE04EC0-301F-11D3-BF4B-00C04F79EFBC}") = "PCOptimizer", "PCOptimizer\PCOptimizer.csproj", "{C5294F36-5323-C8B7-A7F5-2C8B43233FA3}"
EndProject
Global
	GlobalSection(SolutionConfigurationPlatforms) = preSolution
		Debug|Any CPU = Debug|Any CPU
		Release|Any CPU = Release|Any CPU
	EndGlobalSection
	GlobalSection(ProjectConfigurationPlatforms) = postSolution
		{B9E7EEE0-C2D0-5C15-6301-CF47C702B8FC}.Debug|Any CPU.ActiveCfg = Debug|Any CPU
		{B9E7EEE0-C2D0-5C15-6301-CF47C702B8FC}.Debug|Any CPU.Build.0 = Debug|Any CPU
		{B9E7EEE0-C2D0-5C15-6301-CF47C702B8FC}.Release|Any CPU.ActiveCfg = Release|Any CPU
		{B9E7EEE0-C2D0-5C15-6301-CF47C702B8FC}.Release|Any CPU.Build.0 = Release|Any CPU
		{C5294F36-5323-C8B7-A7F5-2C8B43233FA3}.Debug|Any CPU.ActiveCfg = Debug|Any CPU
		{C5294F36-5323-C8B7-A7F5-2C8B43233FA3}.Debug|Any CPU.Build.0 = Debug|Any CPU
		{C5294F36-5323-C8B7-A7F5-2C8B43233FA3}.Release|Any CPU.ActiveCfg = Release|Any CPU
		{C5294F36-5323-C8B7-A7F5-2C8B43233FA3}.Release|Any CPU.Build.0 = Release|Any CPU
	EndGlobalSection
	GlobalSection(SolutionProperties) = preSolution
		HideSolutionNode = FALSE
	EndGlobalSection
	GlobalSection(ExtensibilityGlobals) = postSolution
		SolutionGuid = {B5B8B0FA-105C-4306-BA70-55774A3BBB3E}
	EndGlobalSection
EndGlobal
